// !$*UTF8*$!
{
	archiveVersion = 1;
	classes = {
	};
	objectVersion = 56;
	objects = {

/* Begin PBXBuildFile section */
		454AE11D28F4BAF40093BE42 /* SheetView.swift in Sources */ = {isa = PBXBuildFile; fileRef = 454AE11C28F4BAF40093BE42 /* SheetView.swift */; };
		45AA1BEF28DB76D800E8AD83 /* naviApp.swift in Sources */ = {isa = PBXBuildFile; fileRef = 45AA1BEE28DB76D800E8AD83 /* naviApp.swift */; };
		45AA1BF128DB76D800E8AD83 /* MapView.swift in Sources */ = {isa = PBXBuildFile; fileRef = 45AA1BF028DB76D800E8AD83 /* MapView.swift */; };
		45AA1BF328DB76DA00E8AD83 /* Assets.xcassets in Resources */ = {isa = PBXBuildFile; fileRef = 45AA1BF228DB76DA00E8AD83 /* Assets.xcassets */; };
		45AA1BF628DB76DA00E8AD83 /* Preview Assets.xcassets in Resources */ = {isa = PBXBuildFile; fileRef = 45AA1BF528DB76DA00E8AD83 /* Preview Assets.xcassets */; };
		45AA1C0028DB76DA00E8AD83 /* naviTests.swift in Sources */ = {isa = PBXBuildFile; fileRef = 45AA1BFF28DB76DA00E8AD83 /* naviTests.swift */; };
		45AA1C0A28DB76DA00E8AD83 /* naviUITests.swift in Sources */ = {isa = PBXBuildFile; fileRef = 45AA1C0928DB76DA00E8AD83 /* naviUITests.swift */; };
		45AA1C0C28DB76DA00E8AD83 /* naviUITestsLaunchTests.swift in Sources */ = {isa = PBXBuildFile; fileRef = 45AA1C0B28DB76DA00E8AD83 /* naviUITestsLaunchTests.swift */; };
		45F338A928ECD5F500CB3B65 /* SettingView.swift in Sources */ = {isa = PBXBuildFile; fileRef = 45F338A828ECD5F500CB3B65 /* SettingView.swift */; };
		45F338AB28ECD6A400CB3B65 /* HomeView.swift in Sources */ = {isa = PBXBuildFile; fileRef = 45F338AA28ECD6A400CB3B65 /* HomeView.swift */; };
/* End PBXBuildFile section */

/* Begin PBXContainerItemProxy section */
		45AA1BFC28DB76DA00E8AD83 /* PBXContainerItemProxy */ = {
			isa = PBXContainerItemProxy;
			containerPortal = 45AA1BE328DB76D800E8AD83 /* Project object */;
			proxyType = 1;
			remoteGlobalIDString = 45AA1BEA28DB76D800E8AD83;
			remoteInfo = navi;
		};
		45AA1C0628DB76DA00E8AD83 /* PBXContainerItemProxy */ = {
			isa = PBXContainerItemProxy;
			containerPortal = 45AA1BE328DB76D800E8AD83 /* Project object */;
			proxyType = 1;
			remoteGlobalIDString = 45AA1BEA28DB76D800E8AD83;
			remoteInfo = navi;
		};
/* End PBXContainerItemProxy section */

/* Begin PBXFileReference section */
		454AE11C28F4BAF40093BE42 /* SheetView.swift */ = {isa = PBXFileReference; lastKnownFileType = sourcecode.swift; path = SheetView.swift; sourceTree = "<group>"; };
		45AA1BEB28DB76D800E8AD83 /* navi.app */ = {isa = PBXFileReference; explicitFileType = wrapper.application; includeInIndex = 0; path = navi.app; sourceTree = BUILT_PRODUCTS_DIR; };
		45AA1BEE28DB76D800E8AD83 /* naviApp.swift */ = {isa = PBXFileReference; lastKnownFileType = sourcecode.swift; path = naviApp.swift; sourceTree = "<group>"; };
		45AA1BF028DB76D800E8AD83 /* MapView.swift */ = {isa = PBXFileReference; lastKnownFileType = sourcecode.swift; path = MapView.swift; sourceTree = "<group>"; };
		45AA1BF228DB76DA00E8AD83 /* Assets.xcassets */ = {isa = PBXFileReference; lastKnownFileType = folder.assetcatalog; path = Assets.xcassets; sourceTree = "<group>"; };
		45AA1BF528DB76DA00E8AD83 /* Preview Assets.xcassets */ = {isa = PBXFileReference; lastKnownFileType = folder.assetcatalog; path = "Preview Assets.xcassets"; sourceTree = "<group>"; };
		45AA1BFB28DB76DA00E8AD83 /* naviTests.xctest */ = {isa = PBXFileReference; explicitFileType = wrapper.cfbundle; includeInIndex = 0; path = naviTests.xctest; sourceTree = BUILT_PRODUCTS_DIR; };
		45AA1BFF28DB76DA00E8AD83 /* naviTests.swift */ = {isa = PBXFileReference; lastKnownFileType = sourcecode.swift; path = naviTests.swift; sourceTree = "<group>"; };
		45AA1C0528DB76DA00E8AD83 /* naviUITests.xctest */ = {isa = PBXFileReference; explicitFileType = wrapper.cfbundle; includeInIndex = 0; path = naviUITests.xctest; sourceTree = BUILT_PRODUCTS_DIR; };
		45AA1C0928DB76DA00E8AD83 /* naviUITests.swift */ = {isa = PBXFileReference; lastKnownFileType = sourcecode.swift; path = naviUITests.swift; sourceTree = "<group>"; };
		45AA1C0B28DB76DA00E8AD83 /* naviUITestsLaunchTests.swift */ = {isa = PBXFileReference; lastKnownFileType = sourcecode.swift; path = naviUITestsLaunchTests.swift; sourceTree = "<group>"; };
		45F338A828ECD5F500CB3B65 /* SettingView.swift */ = {isa = PBXFileReference; lastKnownFileType = sourcecode.swift; path = SettingView.swift; sourceTree = "<group>"; };
		45F338AA28ECD6A400CB3B65 /* HomeView.swift */ = {isa = PBXFileReference; lastKnownFileType = sourcecode.swift; path = HomeView.swift; sourceTree = "<group>"; };
/* End PBXFileReference section */

/* Begin PBXFrameworksBuildPhase section */
		45AA1BE828DB76D800E8AD83 /* Frameworks */ = {
			isa = PBXFrameworksBuildPhase;
			buildActionMask = 2147483647;
			files = (
			);
			runOnlyForDeploymentPostprocessing = 0;
		};
		45AA1BF828DB76DA00E8AD83 /* Frameworks */ = {
			isa = PBXFrameworksBuildPhase;
			buildActionMask = 2147483647;
			files = (
			);
			runOnlyForDeploymentPostprocessing = 0;
		};
		45AA1C0228DB76DA00E8AD83 /* Frameworks */ = {
			isa = PBXFrameworksBuildPhase;
			buildActionMask = 2147483647;
			files = (
			);
			runOnlyForDeploymentPostprocessing = 0;
		};
/* End PBXFrameworksBuildPhase section */

/* Begin PBXGroup section */
		45AA1BE228DB76D800E8AD83 = {
			isa = PBXGroup;
			children = (
				45AA1BED28DB76D800E8AD83 /* navi */,
				45AA1BFE28DB76DA00E8AD83 /* naviTests */,
				45AA1C0828DB76DA00E8AD83 /* naviUITests */,
				45AA1BEC28DB76D800E8AD83 /* Products */,
			);
			sourceTree = "<group>";
		};
		45AA1BEC28DB76D800E8AD83 /* Products */ = {
			isa = PBXGroup;
			children = (
				45AA1BEB28DB76D800E8AD83 /* navi.app */,
				45AA1BFB28DB76DA00E8AD83 /* naviTests.xctest */,
				45AA1C0528DB76DA00E8AD83 /* naviUITests.xctest */,
			);
			name = Products;
			sourceTree = "<group>";
		};
		45AA1BED28DB76D800E8AD83 /* navi */ = {
			isa = PBXGroup;
			children = (
				45AA1BEE28DB76D800E8AD83 /* naviApp.swift */,
				45F338AA28ECD6A400CB3B65 /* HomeView.swift */,
				45AA1BF028DB76D800E8AD83 /* MapView.swift */,
				454AE11C28F4BAF40093BE42 /* SheetView.swift */,
				45F338A828ECD5F500CB3B65 /* SettingView.swift */,
				45AA1BF228DB76DA00E8AD83 /* Assets.xcassets */,
				45AA1BF428DB76DA00E8AD83 /* Preview Content */,
			);
			path = navi;
			sourceTree = "<group>";
		};
		45AA1BF428DB76DA00E8AD83 /* Preview Content */ = {
			isa = PBXGroup;
			children = (
				45AA1BF528DB76DA00E8AD83 /* Preview Assets.xcassets */,
			);
			path = "Preview Content";
			sourceTree = "<group>";
		};
		45AA1BFE28DB76DA00E8AD83 /* naviTests */ = {
			isa = PBXGroup;
			children = (
				45AA1BFF28DB76DA00E8AD83 /* naviTests.swift */,
			);
			path = naviTests;
			sourceTree = "<group>";
		};
		45AA1C0828DB76DA00E8AD83 /* naviUITests */ = {
			isa = PBXGroup;
			children = (
				45AA1C0928DB76DA00E8AD83 /* naviUITests.swift */,
				45AA1C0B28DB76DA00E8AD83 /* naviUITestsLaunchTests.swift */,
			);
			path = naviUITests;
			sourceTree = "<group>";
		};
/* End PBXGroup section */

/* Begin PBXNativeTarget section */
		45AA1BEA28DB76D800E8AD83 /* navi */ = {
			isa = PBXNativeTarget;
			buildConfigurationList = 45AA1C0F28DB76DA00E8AD83 /* Build configuration list for PBXNativeTarget "navi" */;
			buildPhases = (
				45AA1BE728DB76D800E8AD83 /* Sources */,
				45AA1BE828DB76D800E8AD83 /* Frameworks */,
				45AA1BE928DB76D800E8AD83 /* Resources */,
			);
			buildRules = (
			);
			dependencies = (
			);
			name = navi;
			productName = navi;
			productReference = 45AA1BEB28DB76D800E8AD83 /* navi.app */;
			productType = "com.apple.product-type.application";
		};
		45AA1BFA28DB76DA00E8AD83 /* naviTests */ = {
			isa = PBXNativeTarget;
			buildConfigurationList = 45AA1C1228DB76DA00E8AD83 /* Build configuration list for PBXNativeTarget "naviTests" */;
			buildPhases = (
				45AA1BF728DB76DA00E8AD83 /* Sources */,
				45AA1BF828DB76DA00E8AD83 /* Frameworks */,
				45AA1BF928DB76DA00E8AD83 /* Resources */,
			);
			buildRules = (
			);
			dependencies = (
				45AA1BFD28DB76DA00E8AD83 /* PBXTargetDependency */,
			);
			name = naviTests;
			productName = naviTests;
			productReference = 45AA1BFB28DB76DA00E8AD83 /* naviTests.xctest */;
			productType = "com.apple.product-type.bundle.unit-test";
		};
		45AA1C0428DB76DA00E8AD83 /* naviUITests */ = {
			isa = PBXNativeTarget;
			buildConfigurationList = 45AA1C1528DB76DA00E8AD83 /* Build configuration list for PBXNativeTarget "naviUITests" */;
			buildPhases = (
				45AA1C0128DB76DA00E8AD83 /* Sources */,
				45AA1C0228DB76DA00E8AD83 /* Frameworks */,
				45AA1C0328DB76DA00E8AD83 /* Resources */,
			);
			buildRules = (
			);
			dependencies = (
				45AA1C0728DB76DA00E8AD83 /* PBXTargetDependency */,
			);
			name = naviUITests;
			productName = naviUITests;
			productReference = 45AA1C0528DB76DA00E8AD83 /* naviUITests.xctest */;
			productType = "com.apple.product-type.bundle.ui-testing";
		};
/* End PBXNativeTarget section */

/* Begin PBXProject section */
		45AA1BE328DB76D800E8AD83 /* Project object */ = {
			isa = PBXProject;
			attributes = {
				BuildIndependentTargetsInParallel = 1;
				LastSwiftUpdateCheck = 1400;
				LastUpgradeCheck = 1400;
				TargetAttributes = {
					45AA1BEA28DB76D800E8AD83 = {
						CreatedOnToolsVersion = 14.0;
					};
					45AA1BFA28DB76DA00E8AD83 = {
						CreatedOnToolsVersion = 14.0;
						TestTargetID = 45AA1BEA28DB76D800E8AD83;
					};
					45AA1C0428DB76DA00E8AD83 = {
						CreatedOnToolsVersion = 14.0;
						TestTargetID = 45AA1BEA28DB76D800E8AD83;
					};
				};
			};
			buildConfigurationList = 45AA1BE628DB76D800E8AD83 /* Build configuration list for PBXProject "navi" */;
			compatibilityVersion = "Xcode 14.0";
			developmentRegion = en;
			hasScannedForEncodings = 0;
			knownRegions = (
				en,
				Base,
			);
			mainGroup = 45AA1BE228DB76D800E8AD83;
			productRefGroup = 45AA1BEC28DB76D800E8AD83 /* Products */;
			projectDirPath = "";
			projectRoot = "";
			targets = (
				45AA1BEA28DB76D800E8AD83 /* navi */,
				45AA1BFA28DB76DA00E8AD83 /* naviTests */,
				45AA1C0428DB76DA00E8AD83 /* naviUITests */,
			);
		};
/* End PBXProject section */

/* Begin PBXResourcesBuildPhase section */
		45AA1BE928DB76D800E8AD83 /* Resources */ = {
			isa = PBXResourcesBuildPhase;
			buildActionMask = 2147483647;
			files = (
				45AA1BF628DB76DA00E8AD83 /* Preview Assets.xcassets in Resources */,
				45AA1BF328DB76DA00E8AD83 /* Assets.xcassets in Resources */,
			);
			runOnlyForDeploymentPostprocessing = 0;
		};
		45AA1BF928DB76DA00E8AD83 /* Resources */ = {
			isa = PBXResourcesBuildPhase;
			buildActionMask = 2147483647;
			files = (
			);
			runOnlyForDeploymentPostprocessing = 0;
		};
		45AA1C0328DB76DA00E8AD83 /* Resources */ = {
			isa = PBXResourcesBuildPhase;
			buildActionMask = 2147483647;
			files = (
			);
			runOnlyForDeploymentPostprocessing = 0;
		};
/* End PBXResourcesBuildPhase section */

/* Begin PBXSourcesBuildPhase section */
		45AA1BE728DB76D800E8AD83 /* Sources */ = {
			isa = PBXSourcesBuildPhase;
			buildActionMask = 2147483647;
			files = (
				45AA1BF128DB76D800E8AD83 /* MapView.swift in Sources */,
				45F338AB28ECD6A400CB3B65 /* HomeView.swift in Sources */,
				454AE11D28F4BAF40093BE42 /* SheetView.swift in Sources */,
				45AA1BEF28DB76D800E8AD83 /* naviApp.swift in Sources */,
				45F338A928ECD5F500CB3B65 /* SettingView.swift in Sources */,
			);
			runOnlyForDeploymentPostprocessing = 0;
		};
		45AA1BF728DB76DA00E8AD83 /* Sources */ = {
			isa = PBXSourcesBuildPhase;
			buildActionMask = 2147483647;
			files = (
				45AA1C0028DB76DA00E8AD83 /* naviTests.swift in Sources */,
			);
			runOnlyForDeploymentPostprocessing = 0;
		};
		45AA1C0128DB76DA00E8AD83 /* Sources */ = {
			isa = PBXSourcesBuildPhase;
			buildActionMask = 2147483647;
			files = (
				45AA1C0C28DB76DA00E8AD83 /* naviUITestsLaunchTests.swift in Sources */,
				45AA1C0A28DB76DA00E8AD83 /* naviUITests.swift in Sources */,
			);
			runOnlyForDeploymentPostprocessing = 0;
		};
/* End PBXSourcesBuildPhase section */

/* Begin PBXTargetDependency section */
		45AA1BFD28DB76DA00E8AD83 /* PBXTargetDependency */ = {
			isa = PBXTargetDependency;
			target = 45AA1BEA28DB76D800E8AD83 /* navi */;
			targetProxy = 45AA1BFC28DB76DA00E8AD83 /* PBXContainerItemProxy */;
		};
		45AA1C0728DB76DA00E8AD83 /* PBXTargetDependency */ = {
			isa = PBXTargetDependency;
			target = 45AA1BEA28DB76D800E8AD83 /* navi */;
			targetProxy = 45AA1C0628DB76DA00E8AD83 /* PBXContainerItemProxy */;
		};
/* End PBXTargetDependency section */

/* Begin XCBuildConfiguration section */
		45AA1C0D28DB76DA00E8AD83 /* Debug */ = {
			isa = XCBuildConfiguration;
			buildSettings = {
				ALWAYS_SEARCH_USER_PATHS = NO;
				CLANG_ANALYZER_NONNULL = YES;
				CLANG_ANALYZER_NUMBER_OBJECT_CONVERSION = YES_AGGRESSIVE;
				CLANG_CXX_LANGUAGE_STANDARD = "gnu++20";
				CLANG_ENABLE_MODULES = YES;
				CLANG_ENABLE_OBJC_ARC = YES;
				CLANG_ENABLE_OBJC_WEAK = YES;
				CLANG_WARN_BLOCK_CAPTURE_AUTORELEASING = YES;
				CLANG_WARN_BOOL_CONVERSION = YES;
				CLANG_WARN_COMMA = YES;
				CLANG_WARN_CONSTANT_CONVERSION = YES;
				CLANG_WARN_DEPRECATED_OBJC_IMPLEMENTATIONS = YES;
				CLANG_WARN_DIRECT_OBJC_ISA_USAGE = YES_ERROR;
				CLANG_WARN_DOCUMENTATION_COMMENTS = YES;
				CLANG_WARN_EMPTY_BODY = YES;
				CLANG_WARN_ENUM_CONVERSION = YES;
				CLANG_WARN_INFINITE_RECURSION = YES;
				CLANG_WARN_INT_CONVERSION = YES;
				CLANG_WARN_NON_LITERAL_NULL_CONVERSION = YES;
				CLANG_WARN_OBJC_IMPLICIT_RETAIN_SELF = YES;
				CLANG_WARN_OBJC_LITERAL_CONVERSION = YES;
				CLANG_WARN_OBJC_ROOT_CLASS = YES_ERROR;
				CLANG_WARN_QUOTED_INCLUDE_IN_FRAMEWORK_HEADER = YES;
				CLANG_WARN_RANGE_LOOP_ANALYSIS = YES;
				CLANG_WARN_STRICT_PROTOTYPES = YES;
				CLANG_WARN_SUSPICIOUS_MOVE = YES;
				CLANG_WARN_UNGUARDED_AVAILABILITY = YES_AGGRESSIVE;
				CLANG_WARN_UNREACHABLE_CODE = YES;
				CLANG_WARN__DUPLICATE_METHOD_MATCH = YES;
				COPY_PHASE_STRIP = NO;
				DEBUG_INFORMATION_FORMAT = dwarf;
				ENABLE_STRICT_OBJC_MSGSEND = YES;
				ENABLE_TESTABILITY = YES;
				GCC_C_LANGUAGE_STANDARD = gnu11;
				GCC_DYNAMIC_NO_PIC = NO;
				GCC_NO_COMMON_BLOCKS = YES;
				GCC_OPTIMIZATION_LEVEL = 0;
				GCC_PREPROCESSOR_DEFINITIONS = (
					"DEBUG=1",
					"$(inherited)",
				);
				GCC_WARN_64_TO_32_BIT_CONVERSION = YES;
				GCC_WARN_ABOUT_RETURN_TYPE = YES_ERROR;
				GCC_WARN_UNDECLARED_SELECTOR = YES;
				GCC_WARN_UNINITIALIZED_AUTOS = YES_AGGRESSIVE;
				GCC_WARN_UNUSED_FUNCTION = YES;
				GCC_WARN_UNUSED_VARIABLE = YES;
				IPHONEOS_DEPLOYMENT_TARGET = 16.0;
				MTL_ENABLE_DEBUG_INFO = INCLUDE_SOURCE;
				MTL_FAST_MATH = YES;
				ONLY_ACTIVE_ARCH = YES;
				SDKROOT = iphoneos;
				SWIFT_ACTIVE_COMPILATION_CONDITIONS = DEBUG;
				SWIFT_OPTIMIZATION_LEVEL = "-Onone";
			};
			name = Debug;
		};
		45AA1C0E28DB76DA00E8AD83 /* Release */ = {
			isa = XCBuildConfiguration;
			buildSettings = {
				ALWAYS_SEARCH_USER_PATHS = NO;
				CLANG_ANALYZER_NONNULL = YES;
				CLANG_ANALYZER_NUMBER_OBJECT_CONVERSION = YES_AGGRESSIVE;
				CLANG_CXX_LANGUAGE_STANDARD = "gnu++20";
				CLANG_ENABLE_MODULES = YES;
				CLANG_ENABLE_OBJC_ARC = YES;
				CLANG_ENABLE_OBJC_WEAK = YES;
				CLANG_WARN_BLOCK_CAPTURE_AUTORELEASING = YES;
				CLANG_WARN_BOOL_CONVERSION = YES;
				CLANG_WARN_COMMA = YES;
				CLANG_WARN_CONSTANT_CONVERSION = YES;
				CLANG_WARN_DEPRECATED_OBJC_IMPLEMENTATIONS = YES;
				CLANG_WARN_DIRECT_OBJC_ISA_USAGE = YES_ERROR;
				CLANG_WARN_DOCUMENTATION_COMMENTS = YES;
				CLANG_WARN_EMPTY_BODY = YES;
				CLANG_WARN_ENUM_CONVERSION = YES;
				CLANG_WARN_INFINITE_RECURSION = YES;
				CLANG_WARN_INT_CONVERSION = YES;
				CLANG_WARN_NON_LITERAL_NULL_CONVERSION = YES;
				CLANG_WARN_OBJC_IMPLICIT_RETAIN_SELF = YES;
				CLANG_WARN_OBJC_LITERAL_CONVERSION = YES;
				CLANG_WARN_OBJC_ROOT_CLASS = YES_ERROR;
				CLANG_WARN_QUOTED_INCLUDE_IN_FRAMEWORK_HEADER = YES;
				CLANG_WARN_RANGE_LOOP_ANALYSIS = YES;
				CLANG_WARN_STRICT_PROTOTYPES = YES;
				CLANG_WARN_SUSPICIOUS_MOVE = YES;
				CLANG_WARN_UNGUARDED_AVAILABILITY = YES_AGGRESSIVE;
				CLANG_WARN_UNREACHABLE_CODE = YES;
				CLANG_WARN__DUPLICATE_METHOD_MATCH = YES;
				COPY_PHASE_STRIP = NO;
				DEBUG_INFORMATION_FORMAT = "dwarf-with-dsym";
				ENABLE_NS_ASSERTIONS = NO;
				ENABLE_STRICT_OBJC_MSGSEND = YES;
				GCC_C_LANGUAGE_STANDARD = gnu11;
				GCC_NO_COMMON_BLOCKS = YES;
				GCC_WARN_64_TO_32_BIT_CONVERSION = YES;
				GCC_WARN_ABOUT_RETURN_TYPE = YES_ERROR;
				GCC_WARN_UNDECLARED_SELECTOR = YES;
				GCC_WARN_UNINITIALIZED_AUTOS = YES_AGGRESSIVE;
				GCC_WARN_UNUSED_FUNCTION = YES;
				GCC_WARN_UNUSED_VARIABLE = YES;
				IPHONEOS_DEPLOYMENT_TARGET = 16.0;
				MTL_ENABLE_DEBUG_INFO = NO;
				MTL_FAST_MATH = YES;
				SDKROOT = iphoneos;
				SWIFT_COMPILATION_MODE = wholemodule;
				SWIFT_OPTIMIZATION_LEVEL = "-O";
				VALIDATE_PRODUCT = YES;
			};
			name = Release;
		};
		45AA1C1028DB76DA00E8AD83 /* Debug */ = {
			isa = XCBuildConfiguration;
			buildSettings = {
				ASSETCATALOG_COMPILER_APPICON_NAME = AppIcon;
				ASSETCATALOG_COMPILER_GLOBAL_ACCENT_COLOR_NAME = AccentColor;
				CODE_SIGN_STYLE = Automatic;
				CURRENT_PROJECT_VERSION = 1;
				DEVELOPMENT_ASSET_PATHS = "\"navi/Preview Content\"";
				ENABLE_PREVIEWS = YES;
				GENERATE_INFOPLIST_FILE = YES;
				INFOPLIST_KEY_UIApplicationSceneManifest_Generation = YES;
				INFOPLIST_KEY_UIApplicationSupportsIndirectInputEvents = YES;
				INFOPLIST_KEY_UILaunchScreen_Generation = YES;
				INFOPLIST_KEY_UISupportedInterfaceOrientations_iPad = "UIInterfaceOrientationPortrait UIInterfaceOrientationPortraitUpsideDown UIInterfaceOrientationLandscapeLeft UIInterfaceOrientationLandscapeRight";
				INFOPLIST_KEY_UISupportedInterfaceOrientations_iPhone = "UIInterfaceOrientationPortrait UIInterfaceOrientationLandscapeLeft UIInterfaceOrientationLandscapeRight";
				LD_RUNPATH_SEARCH_PATHS = (
					"$(inherited)",
					"@executable_path/Frameworks",
				);
				MARKETING_VERSION = 1.0;
				PRODUCT_BUNDLE_IDENTIFIER = Philip.navi;
				PRODUCT_NAME = "$(TARGET_NAME)";
				SWIFT_EMIT_LOC_STRINGS = YES;
				SWIFT_VERSION = 5.0;
				TARGETED_DEVICE_FAMILY = "1,2";
			};
			name = Debug;
		};
		45AA1C1128DB76DA00E8AD83 /* Release */ = {
			isa = XCBuildConfiguration;
			buildSettings = {
				ASSETCATALOG_COMPILER_APPICON_NAME = AppIcon;
				ASSETCATALOG_COMPILER_GLOBAL_ACCENT_COLOR_NAME = AccentColor;
				CODE_SIGN_STYLE = Automatic;
				CURRENT_PROJECT_VERSION = 1;
				DEVELOPMENT_ASSET_PATHS = "\"navi/Preview Content\"";
				ENABLE_PREVIEWS = YES;
				GENERATE_INFOPLIST_FILE = YES;
				INFOPLIST_KEY_UIApplicationSceneManifest_Generation = YES;
				INFOPLIST_KEY_UIApplicationSupportsIndirectInputEvents = YES;
				INFOPLIST_KEY_UILaunchScreen_Generation = YES;
				INFOPLIST_KEY_UISupportedInterfaceOrientations_iPad = "UIInterfaceOrientationPortrait UIInterfaceOrientationPortraitUpsideDown UIInterfaceOrientationLandscapeLeft UIInterfaceOrientationLandscapeRight";
				INFOPLIST_KEY_UISupportedInterfaceOrientations_iPhone = "UIInterfaceOrientationPortrait UIInterfaceOrientationLandscapeLeft UIInterfaceOrientationLandscapeRight";
				LD_RUNPATH_SEARCH_PATHS = (
					"$(inherited)",
					"@executable_path/Frameworks",
				);
				MARKETING_VERSION = 1.0;
				PRODUCT_BUNDLE_IDENTIFIER = Philip.navi;
				PRODUCT_NAME = "$(TARGET_NAME)";
				SWIFT_EMIT_LOC_STRINGS = YES;
				SWIFT_VERSION = 5.0;
				TARGETED_DEVICE_FAMILY = "1,2";
			};
			name = Release;
		};
		45AA1C1328DB76DA00E8AD83 /* Debug */ = {
			isa = XCBuildConfiguration;
			buildSettings = {
				ALWAYS_EMBED_SWIFT_STANDARD_LIBRARIES = YES;
				BUNDLE_LOADER = "$(TEST_HOST)";
				CODE_SIGN_STYLE = Automatic;
				CURRENT_PROJECT_VERSION = 1;
				GENERATE_INFOPLIST_FILE = YES;
				IPHONEOS_DEPLOYMENT_TARGET = 16.0;
				MARKETING_VERSION = 1.0;
				PRODUCT_BUNDLE_IDENTIFIER = Philip.naviTests;
				PRODUCT_NAME = "$(TARGET_NAME)";
				SWIFT_EMIT_LOC_STRINGS = NO;
				SWIFT_VERSION = 5.0;
				TARGETED_DEVICE_FAMILY = "1,2";
				TEST_HOST = "$(BUILT_PRODUCTS_DIR)/navi.app/$(BUNDLE_EXECUTABLE_FOLDER_PATH)/navi";
			};
			name = Debug;
		};
		45AA1C1428DB76DA00E8AD83 /* Release */ = {
			isa = XCBuildConfiguration;
			buildSettings = {
				ALWAYS_EMBED_SWIFT_STANDARD_LIBRARIES = YES;
				BUNDLE_LOADER = "$(TEST_HOST)";
				CODE_SIGN_STYLE = Automatic;
				CURRENT_PROJECT_VERSION = 1;
				GENERATE_INFOPLIST_FILE = YES;
				IPHONEOS_DEPLOYMENT_TARGET = 16.0;
				MARKETING_VERSION = 1.0;
				PRODUCT_BUNDLE_IDENTIFIER = Philip.naviTests;
				PRODUCT_NAME = "$(TARGET_NAME)";
				SWIFT_EMIT_LOC_STRINGS = NO;
				SWIFT_VERSION = 5.0;
				TARGETED_DEVICE_FAMILY = "1,2";
				TEST_HOST = "$(BUILT_PRODUCTS_DIR)/navi.app/$(BUNDLE_EXECUTABLE_FOLDER_PATH)/navi";
			};
			name = Release;
		};
		45AA1C1628DB76DA00E8AD83 /* Debug */ = {
			isa = XCBuildConfiguration;
			buildSettings = {
				ALWAYS_EMBED_SWIFT_STANDARD_LIBRARIES = YES;
				CODE_SIGN_STYLE = Automatic;
				CURRENT_PROJECT_VERSION = 1;
				GENERATE_INFOPLIST_FILE = YES;
				MARKETING_VERSION = 1.0;
				PRODUCT_BUNDLE_IDENTIFIER = Philip.naviUITests;
				PRODUCT_NAME = "$(TARGET_NAME)";
				SWIFT_EMIT_LOC_STRINGS = NO;
				SWIFT_VERSION = 5.0;
				TARGETED_DEVICE_FAMILY = "1,2";
				TEST_TARGET_NAME = navi;
			};
			name = Debug;
		};
		45AA1C1728DB76DA00E8AD83 /* Release */ = {
			isa = XCBuildConfiguration;
			buildSettings = {
				ALWAYS_EMBED_SWIFT_STANDARD_LIBRARIES = YES;
				CODE_SIGN_STYLE = Automatic;
				CURRENT_PROJECT_VERSION = 1;
				GENERATE_INFOPLIST_FILE = YES;
				MARKETING_VERSION = 1.0;
				PRODUCT_BUNDLE_IDENTIFIER = Philip.naviUITests;
				PRODUCT_NAME = "$(TARGET_NAME)";
				SWIFT_EMIT_LOC_STRINGS = NO;
				SWIFT_VERSION = 5.0;
				TARGETED_DEVICE_FAMILY = "1,2";
				TEST_TARGET_NAME = navi;
			};
			name = Release;
		};
/* End XCBuildConfiguration section */

/* Begin XCConfigurationList section */
		45AA1BE628DB76D800E8AD83 /* Build configuration list for PBXProject "navi" */ = {
			isa = XCConfigurationList;
			buildConfigurations = (
				45AA1C0D28DB76DA00E8AD83 /* Debug */,
				45AA1C0E28DB76DA00E8AD83 /* Release */,
			);
			defaultConfigurationIsVisible = 0;
			defaultConfigurationName = Release;
		};
		45AA1C0F28DB76DA00E8AD83 /* Build configuration list for PBXNativeTarget "navi" */ = {
			isa = XCConfigurationList;
			buildConfigurations = (
				45AA1C1028DB76DA00E8AD83 /* Debug */,
				45AA1C1128DB76DA00E8AD83 /* Release */,
			);
			defaultConfigurationIsVisible = 0;
			defaultConfigurationName = Release;
		};
		45AA1C1228DB76DA00E8AD83 /* Build configuration list for PBXNativeTarget "naviTests" */ = {
			isa = XCConfigurationList;
			buildConfigurations = (
				45AA1C1328DB76DA00E8AD83 /* Debug */,
				45AA1C1428DB76DA00E8AD83 /* Release */,
			);
			defaultConfigurationIsVisible = 0;
			defaultConfigurationName = Release;
		};
		45AA1C1528DB76DA00E8AD83 /* Build configuration list for PBXNativeTarget "naviUITests" */ = {
			isa = XCConfigurationList;
			buildConfigurations = (
				45AA1C1628DB76DA00E8AD83 /* Debug */,
				45AA1C1728DB76DA00E8AD83 /* Release */,
			);
			defaultConfigurationIsVisible = 0;
			defaultConfigurationName = Release;
		};
/* End XCConfigurationList section */
	};
	rootObject = 45AA1BE328DB76D800E8AD83 /* Project object */;
}
